
Microsoft Visual Studio Solution File, Format Version 12.00
# Visual Studio Version 17
VisualStudioVersion = 17.11.35327.3
MinimumVisualStudioVersion = 10.0.40219.1
Project("{2150E333-8FDC-42A3-9474-1A3956D46DE8}") = "Task0", "Task0", "{48565E5B-3EBC-4C07-B8D4-2AC071531E9E}"
EndProject
Project("{2150E333-8FDC-42A3-9474-1A3956D46DE8}") = "Task1", "Task1", "{F7311B39-741E-4C51-BD52-E57CAC620571}"
EndProject
Project("{2150E333-8FDC-42A3-9474-1A3956D46DE8}") = "Task2", "Task2", "{06E2934B-F0B0-40EB-9F66-BC83FCB86645}"
EndProject
Project("{2150E333-8FDC-42A3-9474-1A3956D46DE8}") = "Task3", "Task3", "{D5760A1E-56BA-4D9F-BCA3-5A9361B42C7D}"
EndProject
Project("{2150E333-8FDC-42A3-9474-1A3956D46DE8}") = "Task4", "Task4", "{7ECC27B7-635B-46F5-A565-C19BBE43789D}"
EndProject
Project("{2150E333-8FDC-42A3-9474-1A3956D46DE8}") = "Task5", "Task5", "{82180F8A-BDFA-4ACD-9D95-ADF0F91B4853}"
EndProject
Project("{2150E333-8FDC-42A3-9474-1A3956D46DE8}") = "Task6", "Task6", "{517ABEF3-B073-4330-A8BF-266693E39B3D}"
EndProject
Project("{2150E333-8FDC-42A3-9474-1A3956D46DE8}") = "Task7", "Task7", "{6A93B47E-266A-4E96-9C0B-0679F648D987}"
EndProject
Project("{9A19103F-16F7-4668-BE54-9A1E7A4F7556}") = "Tyuiu.AkhmetovRR.Sprint4.Task0.V25", "Tyuiu.AkhmetovRR.Sprint4.Task0.V25\Tyuiu.AkhmetovRR.Sprint4.Task0.V25.csproj", "{5CBCD91A-B7F0-4FF0-93C1-7D271A822053}"
EndProject
Project("{9A19103F-16F7-4668-BE54-9A1E7A4F7556}") = "Tyuiu.AkhmetovRR.Sprint4.Task0.V25.Lib", "Tyuiu.AkhmetovRR.Sprint4.Task0.V25.Lib\Tyuiu.AkhmetovRR.Sprint4.Task0.V25.Lib.csproj", "{2BF92F2E-8AEA-44C8-8F3C-326AE0EE245D}"
EndProject
Project("{9A19103F-16F7-4668-BE54-9A1E7A4F7556}") = "Tyuiu.AkhmetovRR.Sprint4.Task0.V25.Test", "Tyuiu.AkhmetovRR.Sprint4.Task0.V25.Test\Tyuiu.AkhmetovRR.Sprint4.Task0.V25.Test.csproj", "{4ECA7B32-75E5-490A-A135-32A4FDFF9EB9}"
EndProject
Project("{9A19103F-16F7-4668-BE54-9A1E7A4F7556}") = "Tyuiu.AkhmetovRR.Sprint4.Task1.V24", "Tyuiu.AkhmetovRR.Sprint4.Task1.V24\Tyuiu.AkhmetovRR.Sprint4.Task1.V24.csproj", "{41D6B337-F136-4B36-B312-99576FB5824F}"
EndProject
Project("{9A19103F-16F7-4668-BE54-9A1E7A4F7556}") = "Tyuiu.AkhmetovRR.Sprint4.Task1.V24.Lib", "Tyuiu.AkhmetovRR.Sprint4.Task1.V24.Lib\Tyuiu.AkhmetovRR.Sprint4.Task1.V24.Lib.csproj", "{6903576C-D745-4E41-A554-EB7EA615D419}"
EndProject
Project("{9A19103F-16F7-4668-BE54-9A1E7A4F7556}") = "Tyuiu.AkhmetovRR.Sprint4.Task1.V24.Test", "Tyuiu.AkhmetovRR.Sprint4.Task1.V24.Test\Tyuiu.AkhmetovRR.Sprint4.Task1.V24.Test.csproj", "{0552E396-EFC9-446E-9049-CE9BB6DFEA3C}"
EndProject
Project("{9A19103F-16F7-4668-BE54-9A1E7A4F7556}") = "Tyuiu.AkhmetovRR.Sprint4.Task2.V14", "Tyuiu.AkhmetovRR.Sprint4.Task2.V14\Tyuiu.AkhmetovRR.Sprint4.Task2.V14.csproj", "{F4AE9838-2CF8-4FE8-8BBD-A1AB64328D07}"
EndProject
Project("{9A19103F-16F7-4668-BE54-9A1E7A4F7556}") = "Tyuiu.AkhmetovRR.Sprint4.Task2.V14.Lib", "Tyuiu.AkhmetovRR.Sprint4.Task2.V14.Lib\Tyuiu.AkhmetovRR.Sprint4.Task2.V14.Lib.csproj", "{D38C76B4-2958-4DC3-AD9D-0F1EC1338BBF}"
EndProject
Project("{9A19103F-16F7-4668-BE54-9A1E7A4F7556}") = "Tyuiu.AkhmetovRR.Sprint4.Task2.V14.Test", "Tyuiu.AkhmetovRR.Sprint4.Task2.V14.Test\Tyuiu.AkhmetovRR.Sprint4.Task2.V14.Test.csproj", "{B17E7B83-03F4-4957-95D9-CDBA55A94B56}"
EndProject
Project("{9A19103F-16F7-4668-BE54-9A1E7A4F7556}") = "Tyuiu.AkhmetovRR.Sprint4.Task3.V28", "Tyuiu.AkhmetovRR.Sprint4.Task3.V28\Tyuiu.AkhmetovRR.Sprint4.Task3.V28.csproj", "{03E16B6D-FCCD-4FB3-B9E8-9E6362993B8E}"
EndProject
Project("{9A19103F-16F7-4668-BE54-9A1E7A4F7556}") = "Tyuiu.AkhmetovRR.Sprint4.Task3.V28.Lib", "Tyuiu.AkhmetovRR.Sprint4.Task3.V28.Lib\Tyuiu.AkhmetovRR.Sprint4.Task3.V28.Lib.csproj", "{851AA864-6442-4DD9-B293-5C1070B87A79}"
EndProject
Project("{9A19103F-16F7-4668-BE54-9A1E7A4F7556}") = "Tyuiu.AkhmetovRR.Sprint4.Task3.V28.Test", "Tyuiu.AkhmetovRR.Sprint4.Task3.V28.Test\Tyuiu.AkhmetovRR.Sprint4.Task3.V28.Test.csproj", "{ED841613-B804-44A9-AD82-E09115C9074D}"
EndProject
Project("{9A19103F-16F7-4668-BE54-9A1E7A4F7556}") = "Tyuiu.AkhmetovRR.Sprint4.Task4.V21", "Tyuiu.AkhmetovRR.Sprint4.Task4.V21\Tyuiu.AkhmetovRR.Sprint4.Task4.V21.csproj", "{97FD0ADA-924A-4301-83D7-961270187DEF}"
EndProject
Project("{9A19103F-16F7-4668-BE54-9A1E7A4F7556}") = "Tyuiu.AkhmetovRR.Sprint4.Task4.V21.Lib", "Tyuiu.AkhmetovRR.Sprint4.Task4.V21.Lib\Tyuiu.AkhmetovRR.Sprint4.Task4.V21.Lib.csproj", "{134DD851-9BEA-44F0-9CC6-A026A6F24AC9}"
EndProject
Project("{9A19103F-16F7-4668-BE54-9A1E7A4F7556}") = "Tyuiu.AkhmetovRR.Sprint4.Task4.V21.Test", "Tyuiu.AkhmetovRR.Sprint4.Task4.V21.Test\Tyuiu.AkhmetovRR.Sprint4.Task4.V21.Test.csproj", "{9EB13F2D-2DDC-406C-BF4E-511567DE4F55}"
EndProject
Project("{9A19103F-16F7-4668-BE54-9A1E7A4F7556}") = "Tyuiu.AkhmetovRR.Sprint4.Task5.V29", "Tyuiu.AkhmetovRR.Sprint4.Task5.V29\Tyuiu.AkhmetovRR.Sprint4.Task5.V29.csproj", "{D39310DE-B35D-43F3-8D2E-C715E0715CC3}"
EndProject
Project("{9A19103F-16F7-4668-BE54-9A1E7A4F7556}") = "Tyuiu.AkhmetovRR.Sprint4.Task5.V29.Lib", "Tyuiu.AkhmetovRR.Sprint4.Task5.V29.Lib\Tyuiu.AkhmetovRR.Sprint4.Task5.V29.Lib.csproj", "{3B89F003-4E4E-44FE-89D0-3324559F04DB}"
EndProject
Project("{9A19103F-16F7-4668-BE54-9A1E7A4F7556}") = "Tyuiu.AkhmetovRR.Sprint4.Task5.V29.Test", "Tyuiu.AkhmetovRR.Sprint4.Task5.V29.Test\Tyuiu.AkhmetovRR.Sprint4.Task5.V29.Test.csproj", "{CB11E6D8-ED73-4CCB-A250-8454AA860283}"
EndProject
Project("{9A19103F-16F7-4668-BE54-9A1E7A4F7556}") = "Tyuiu.AkhmetovRR.Sprint4.Task6.V20", "Tyuiu.AkhmetovRR.Sprint4.Task6.V20\Tyuiu.AkhmetovRR.Sprint4.Task6.V20.csproj", "{893BC89B-EC1D-4725-811B-F7A5C063AEA8}"
EndProject
Project("{9A19103F-16F7-4668-BE54-9A1E7A4F7556}") = "Tyuiu.AkhmetovRR.Sprint4.Task6.V20.Lib", "Tyuiu.AkhmetovRR.Sprint4.Task6.V20.Lib\Tyuiu.AkhmetovRR.Sprint4.Task6.V20.Lib.csproj", "{FE37BD38-5A31-4F56-8D4B-7402F29568CB}"
EndProject
Project("{9A19103F-16F7-4668-BE54-9A1E7A4F7556}") = "Tyuiu.AkhmetovRR.Sprint4.Task7.V6", "Tyuiu.AkhmetovRR.Sprint4.Task7.V6\Tyuiu.AkhmetovRR.Sprint4.Task7.V6.csproj", "{CE9CCEB3-29E5-41D0-BC67-5C23EF738226}"
EndProject
Project("{9A19103F-16F7-4668-BE54-9A1E7A4F7556}") = "Tyuiu.AkhmetovRR.Sprint4.Task7.V6.Lib", "Tyuiu.AkhmetovRR.Sprint4.Task7.V6.Lib\Tyuiu.AkhmetovRR.Sprint4.Task7.V6.Lib.csproj", "{87E2AA65-A677-4843-8D83-226BF875C77E}"
EndProject
Project("{9A19103F-16F7-4668-BE54-9A1E7A4F7556}") = "Tyuiu.AkhmetovRR.Sprint4.Task7.V6.Test", "Tyuiu.AkhmetovRR.Sprint4.Task7.V6.Test\Tyuiu.AkhmetovRR.Sprint4.Task7.V6.Test.csproj", "{0B18A12F-AEA5-42BC-9D43-618244F16D2C}"
EndProject
Project("{9A19103F-16F7-4668-BE54-9A1E7A4F7556}") = "Tyuiu.AkhmetovRR.Sprint4.Task6.V20.Test", "Tyuiu.AkhmetovRR.Sprint4.Task6.V20.Test\Tyuiu.AkhmetovRR.Sprint4.Task6.V20.Test.csproj", "{6816A1AF-C160-4055-90F1-233DEA72212B}"
EndProject
Global
	GlobalSection(SolutionConfigurationPlatforms) = preSolution
		Debug|Any CPU = Debug|Any CPU
		Release|Any CPU = Release|Any CPU
	EndGlobalSection
	GlobalSection(ProjectConfigurationPlatforms) = postSolution
		{5CBCD91A-B7F0-4FF0-93C1-7D271A822053}.Debug|Any CPU.ActiveCfg = Debug|Any CPU
		{5CBCD91A-B7F0-4FF0-93C1-7D271A822053}.Debug|Any CPU.Build.0 = Debug|Any CPU
		{5CBCD91A-B7F0-4FF0-93C1-7D271A822053}.Release|Any CPU.ActiveCfg = Release|Any CPU
		{5CBCD91A-B7F0-4FF0-93C1-7D271A822053}.Release|Any CPU.Build.0 = Release|Any CPU
		{2BF92F2E-8AEA-44C8-8F3C-326AE0EE245D}.Debug|Any CPU.ActiveCfg = Debug|Any CPU
		{2BF92F2E-8AEA-44C8-8F3C-326AE0EE245D}.Debug|Any CPU.Build.0 = Debug|Any CPU
		{2BF92F2E-8AEA-44C8-8F3C-326AE0EE245D}.Release|Any CPU.ActiveCfg = Release|Any CPU
		{2BF92F2E-8AEA-44C8-8F3C-326AE0EE245D}.Release|Any CPU.Build.0 = Release|Any CPU
		{4ECA7B32-75E5-490A-A135-32A4FDFF9EB9}.Debug|Any CPU.ActiveCfg = Debug|Any CPU
		{4ECA7B32-75E5-490A-A135-32A4FDFF9EB9}.Debug|Any CPU.Build.0 = Debug|Any CPU
		{4ECA7B32-75E5-490A-A135-32A4FDFF9EB9}.Release|Any CPU.ActiveCfg = Release|Any CPU
		{4ECA7B32-75E5-490A-A135-32A4FDFF9EB9}.Release|Any CPU.Build.0 = Release|Any CPU
		{41D6B337-F136-4B36-B312-99576FB5824F}.Debug|Any CPU.ActiveCfg = Debug|Any CPU
		{41D6B337-F136-4B36-B312-99576FB5824F}.Debug|Any CPU.Build.0 = Debug|Any CPU
		{41D6B337-F136-4B36-B312-99576FB5824F}.Release|Any CPU.ActiveCfg = Release|Any CPU
		{41D6B337-F136-4B36-B312-99576FB5824F}.Release|Any CPU.Build.0 = Release|Any CPU
		{6903576C-D745-4E41-A554-EB7EA615D419}.Debug|Any CPU.ActiveCfg = Debug|Any CPU
		{6903576C-D745-4E41-A554-EB7EA615D419}.Debug|Any CPU.Build.0 = Debug|Any CPU
		{6903576C-D745-4E41-A554-EB7EA615D419}.Release|Any CPU.ActiveCfg = Release|Any CPU
		{6903576C-D745-4E41-A554-EB7EA615D419}.Release|Any CPU.Build.0 = Release|Any CPU
		{0552E396-EFC9-446E-9049-CE9BB6DFEA3C}.Debug|Any CPU.ActiveCfg = Debug|Any CPU
		{0552E396-EFC9-446E-9049-CE9BB6DFEA3C}.Debug|Any CPU.Build.0 = Debug|Any CPU
		{0552E396-EFC9-446E-9049-CE9BB6DFEA3C}.Release|Any CPU.ActiveCfg = Release|Any CPU
		{0552E396-EFC9-446E-9049-CE9BB6DFEA3C}.Release|Any CPU.Build.0 = Release|Any CPU
		{F4AE9838-2CF8-4FE8-8BBD-A1AB64328D07}.Debug|Any CPU.ActiveCfg = Debug|Any CPU
		{F4AE9838-2CF8-4FE8-8BBD-A1AB64328D07}.Debug|Any CPU.Build.0 = Debug|Any CPU
		{F4AE9838-2CF8-4FE8-8BBD-A1AB64328D07}.Release|Any CPU.ActiveCfg = Release|Any CPU
		{F4AE9838-2CF8-4FE8-8BBD-A1AB64328D07}.Release|Any CPU.Build.0 = Release|Any CPU
		{D38C76B4-2958-4DC3-AD9D-0F1EC1338BBF}.Debug|Any CPU.ActiveCfg = Debug|Any CPU
		{D38C76B4-2958-4DC3-AD9D-0F1EC1338BBF}.Debug|Any CPU.Build.0 = Debug|Any CPU
		{D38C76B4-2958-4DC3-AD9D-0F1EC1338BBF}.Release|Any CPU.ActiveCfg = Release|Any CPU
		{D38C76B4-2958-4DC3-AD9D-0F1EC1338BBF}.Release|Any CPU.Build.0 = Release|Any CPU
		{B17E7B83-03F4-4957-95D9-CDBA55A94B56}.Debug|Any CPU.ActiveCfg = Debug|Any CPU
		{B17E7B83-03F4-4957-95D9-CDBA55A94B56}.Debug|Any CPU.Build.0 = Debug|Any CPU
		{B17E7B83-03F4-4957-95D9-CDBA55A94B56}.Release|Any CPU.ActiveCfg = Release|Any CPU
		{B17E7B83-03F4-4957-95D9-CDBA55A94B56}.Release|Any CPU.Build.0 = Release|Any CPU
		{03E16B6D-FCCD-4FB3-B9E8-9E6362993B8E}.Debug|Any CPU.ActiveCfg = Debug|Any CPU
		{03E16B6D-FCCD-4FB3-B9E8-9E6362993B8E}.Debug|Any CPU.Build.0 = Debug|Any CPU
		{03E16B6D-FCCD-4FB3-B9E8-9E6362993B8E}.Release|Any CPU.ActiveCfg = Release|Any CPU
		{03E16B6D-FCCD-4FB3-B9E8-9E6362993B8E}.Release|Any CPU.Build.0 = Release|Any CPU
		{851AA864-6442-4DD9-B293-5C1070B87A79}.Debug|Any CPU.ActiveCfg = Debug|Any CPU
		{851AA864-6442-4DD9-B293-5C1070B87A79}.Debug|Any CPU.Build.0 = Debug|Any CPU
		{851AA864-6442-4DD9-B293-5C1070B87A79}.Release|Any CPU.ActiveCfg = Release|Any CPU
		{851AA864-6442-4DD9-B293-5C1070B87A79}.Release|Any CPU.Build.0 = Release|Any CPU
		{ED841613-B804-44A9-AD82-E09115C9074D}.Debug|Any CPU.ActiveCfg = Debug|Any CPU
		{ED841613-B804-44A9-AD82-E09115C9074D}.Debug|Any CPU.Build.0 = Debug|Any CPU
		{ED841613-B804-44A9-AD82-E09115C9074D}.Release|Any CPU.ActiveCfg = Release|Any CPU
		{ED841613-B804-44A9-AD82-E09115C9074D}.Release|Any CPU.Build.0 = Release|Any CPU
		{97FD0ADA-924A-4301-83D7-961270187DEF}.Debug|Any CPU.ActiveCfg = Debug|Any CPU
		{97FD0ADA-924A-4301-83D7-961270187DEF}.Debug|Any CPU.Build.0 = Debug|Any CPU
		{97FD0ADA-924A-4301-83D7-961270187DEF}.Release|Any CPU.ActiveCfg = Release|Any CPU
		{97FD0ADA-924A-4301-83D7-961270187DEF}.Release|Any CPU.Build.0 = Release|Any CPU
		{134DD851-9BEA-44F0-9CC6-A026A6F24AC9}.Debug|Any CPU.ActiveCfg = Debug|Any CPU
		{134DD851-9BEA-44F0-9CC6-A026A6F24AC9}.Debug|Any CPU.Build.0 = Debug|Any CPU
		{134DD851-9BEA-44F0-9CC6-A026A6F24AC9}.Release|Any CPU.ActiveCfg = Release|Any CPU
		{134DD851-9BEA-44F0-9CC6-A026A6F24AC9}.Release|Any CPU.Build.0 = Release|Any CPU
		{9EB13F2D-2DDC-406C-BF4E-511567DE4F55}.Debug|Any CPU.ActiveCfg = Debug|Any CPU
		{9EB13F2D-2DDC-406C-BF4E-511567DE4F55}.Debug|Any CPU.Build.0 = Debug|Any CPU
		{9EB13F2D-2DDC-406C-BF4E-511567DE4F55}.Release|Any CPU.ActiveCfg = Release|Any CPU
		{9EB13F2D-2DDC-406C-BF4E-511567DE4F55}.Release|Any CPU.Build.0 = Release|Any CPU
		{D39310DE-B35D-43F3-8D2E-C715E0715CC3}.Debug|Any CPU.ActiveCfg = Debug|Any CPU
		{D39310DE-B35D-43F3-8D2E-C715E0715CC3}.Debug|Any CPU.Build.0 = Debug|Any CPU
		{D39310DE-B35D-43F3-8D2E-C715E0715CC3}.Release|Any CPU.ActiveCfg = Release|Any CPU
		{D39310DE-B35D-43F3-8D2E-C715E0715CC3}.Release|Any CPU.Build.0 = Release|Any CPU
		{3B89F003-4E4E-44FE-89D0-3324559F04DB}.Debug|Any CPU.ActiveCfg = Debug|Any CPU
		{3B89F003-4E4E-44FE-89D0-3324559F04DB}.Debug|Any CPU.Build.0 = Debug|Any CPU
		{3B89F003-4E4E-44FE-89D0-3324559F04DB}.Release|Any CPU.ActiveCfg = Release|Any CPU
		{3B89F003-4E4E-44FE-89D0-3324559F04DB}.Release|Any CPU.Build.0 = Release|Any CPU
		{CB11E6D8-ED73-4CCB-A250-8454AA860283}.Debug|Any CPU.ActiveCfg = Debug|Any CPU
		{CB11E6D8-ED73-4CCB-A250-8454AA860283}.Debug|Any CPU.Build.0 = Debug|Any CPU
		{CB11E6D8-ED73-4CCB-A250-8454AA860283}.Release|Any CPU.ActiveCfg = Release|Any CPU
		{CB11E6D8-ED73-4CCB-A250-8454AA860283}.Release|Any CPU.Build.0 = Release|Any CPU
		{893BC89B-EC1D-4725-811B-F7A5C063AEA8}.Debug|Any CPU.ActiveCfg = Debug|Any CPU
		{893BC89B-EC1D-4725-811B-F7A5C063AEA8}.Debug|Any CPU.Build.0 = Debug|Any CPU
		{893BC89B-EC1D-4725-811B-F7A5C063AEA8}.Release|Any CPU.ActiveCfg = Release|Any CPU
		{893BC89B-EC1D-4725-811B-F7A5C063AEA8}.Release|Any CPU.Build.0 = Release|Any CPU
		{FE37BD38-5A31-4F56-8D4B-7402F29568CB}.Debug|Any CPU.ActiveCfg = Debug|Any CPU
		{FE37BD38-5A31-4F56-8D4B-7402F29568CB}.Debug|Any CPU.Build.0 = Debug|Any CPU
		{FE37BD38-5A31-4F56-8D4B-7402F29568CB}.Release|Any CPU.ActiveCfg = Release|Any CPU
		{FE37BD38-5A31-4F56-8D4B-7402F29568CB}.Release|Any CPU.Build.0 = Release|Any CPU
		{CE9CCEB3-29E5-41D0-BC67-5C23EF738226}.Debug|Any CPU.ActiveCfg = Debug|Any CPU
		{CE9CCEB3-29E5-41D0-BC67-5C23EF738226}.Debug|Any CPU.Build.0 = Debug|Any CPU
		{CE9CCEB3-29E5-41D0-BC67-5C23EF738226}.Release|Any CPU.ActiveCfg = Release|Any CPU
		{CE9CCEB3-29E5-41D0-BC67-5C23EF738226}.Release|Any CPU.Build.0 = Release|Any CPU
		{87E2AA65-A677-4843-8D83-226BF875C77E}.Debug|Any CPU.ActiveCfg = Debug|Any CPU
		{87E2AA65-A677-4843-8D83-226BF875C77E}.Debug|Any CPU.Build.0 = Debug|Any CPU
		{87E2AA65-A677-4843-8D83-226BF875C77E}.Release|Any CPU.ActiveCfg = Release|Any CPU
		{87E2AA65-A677-4843-8D83-226BF875C77E}.Release|Any CPU.Build.0 = Release|Any CPU
		{0B18A12F-AEA5-42BC-9D43-618244F16D2C}.Debug|Any CPU.ActiveCfg = Debug|Any CPU
		{0B18A12F-AEA5-42BC-9D43-618244F16D2C}.Debug|Any CPU.Build.0 = Debug|Any CPU
		{0B18A12F-AEA5-42BC-9D43-618244F16D2C}.Release|Any CPU.ActiveCfg = Release|Any CPU
		{0B18A12F-AEA5-42BC-9D43-618244F16D2C}.Release|Any CPU.Build.0 = Release|Any CPU
		{6816A1AF-C160-4055-90F1-233DEA72212B}.Debug|Any CPU.ActiveCfg = Debug|Any CPU
		{6816A1AF-C160-4055-90F1-233DEA72212B}.Debug|Any CPU.Build.0 = Debug|Any CPU
		{6816A1AF-C160-4055-90F1-233DEA72212B}.Release|Any CPU.ActiveCfg = Release|Any CPU
		{6816A1AF-C160-4055-90F1-233DEA72212B}.Release|Any CPU.Build.0 = Release|Any CPU
	EndGlobalSection
	GlobalSection(SolutionProperties) = preSolution
		HideSolutionNode = FALSE
	EndGlobalSection
	GlobalSection(NestedProjects) = preSolution
		{5CBCD91A-B7F0-4FF0-93C1-7D271A822053} = {48565E5B-3EBC-4C07-B8D4-2AC071531E9E}
		{2BF92F2E-8AEA-44C8-8F3C-326AE0EE245D} = {48565E5B-3EBC-4C07-B8D4-2AC071531E9E}
		{4ECA7B32-75E5-490A-A135-32A4FDFF9EB9} = {48565E5B-3EBC-4C07-B8D4-2AC071531E9E}
		{41D6B337-F136-4B36-B312-99576FB5824F} = {F7311B39-741E-4C51-BD52-E57CAC620571}
		{6903576C-D745-4E41-A554-EB7EA615D419} = {F7311B39-741E-4C51-BD52-E57CAC620571}
		{0552E396-EFC9-446E-9049-CE9BB6DFEA3C} = {F7311B39-741E-4C51-BD52-E57CAC620571}
		{F4AE9838-2CF8-4FE8-8BBD-A1AB64328D07} = {06E2934B-F0B0-40EB-9F66-BC83FCB86645}
		{D38C76B4-2958-4DC3-AD9D-0F1EC1338BBF} = {06E2934B-F0B0-40EB-9F66-BC83FCB86645}
		{B17E7B83-03F4-4957-95D9-CDBA55A94B56} = {06E2934B-F0B0-40EB-9F66-BC83FCB86645}
		{03E16B6D-FCCD-4FB3-B9E8-9E6362993B8E} = {D5760A1E-56BA-4D9F-BCA3-5A9361B42C7D}
		{851AA864-6442-4DD9-B293-5C1070B87A79} = {D5760A1E-56BA-4D9F-BCA3-5A9361B42C7D}
		{ED841613-B804-44A9-AD82-E09115C9074D} = {D5760A1E-56BA-4D9F-BCA3-5A9361B42C7D}
		{97FD0ADA-924A-4301-83D7-961270187DEF} = {7ECC27B7-635B-46F5-A565-C19BBE43789D}
		{134DD851-9BEA-44F0-9CC6-A026A6F24AC9} = {7ECC27B7-635B-46F5-A565-C19BBE43789D}
		{9EB13F2D-2DDC-406C-BF4E-511567DE4F55} = {7ECC27B7-635B-46F5-A565-C19BBE43789D}
		{D39310DE-B35D-43F3-8D2E-C715E0715CC3} = {82180F8A-BDFA-4ACD-9D95-ADF0F91B4853}
		{3B89F003-4E4E-44FE-89D0-3324559F04DB} = {82180F8A-BDFA-4ACD-9D95-ADF0F91B4853}
		{CB11E6D8-ED73-4CCB-A250-8454AA860283} = {82180F8A-BDFA-4ACD-9D95-ADF0F91B4853}
		{893BC89B-EC1D-4725-811B-F7A5C063AEA8} = {517ABEF3-B073-4330-A8BF-266693E39B3D}
		{FE37BD38-5A31-4F56-8D4B-7402F29568CB} = {517ABEF3-B073-4330-A8BF-266693E39B3D}
		{CE9CCEB3-29E5-41D0-BC67-5C23EF738226} = {6A93B47E-266A-4E96-9C0B-0679F648D987}
		{87E2AA65-A677-4843-8D83-226BF875C77E} = {6A93B47E-266A-4E96-9C0B-0679F648D987}
		{0B18A12F-AEA5-42BC-9D43-618244F16D2C} = {6A93B47E-266A-4E96-9C0B-0679F648D987}
		{6816A1AF-C160-4055-90F1-233DEA72212B} = {517ABEF3-B073-4330-A8BF-266693E39B3D}
	EndGlobalSection
	GlobalSection(ExtensibilityGlobals) = postSolution
		SolutionGuid = {2B73C89B-6E83-4529-A383-AAB2455CE5B4}
	EndGlobalSection
EndGlobal
